// !$*UTF8*$!
{
	archiveVersion = 1;
	classes = {
	};
	objectVersion = 46;
	objects = {

/* Begin PBXBuildFile section */
		B8834C631D5DCBFA0039FFC2 /* main.m in Sources */ = {isa = PBXBuildFile; fileRef = B8834C621D5DCBFA0039FFC2 /* main.m */; };
		B8834C661D5DCBFA0039FFC2 /* AppDelegate.m in Sources */ = {isa = PBXBuildFile; fileRef = B8834C651D5DCBFA0039FFC2 /* AppDelegate.m */; };
		B8834C691D5DCBFA0039FFC2 /* ViewController.m in Sources */ = {isa = PBXBuildFile; fileRef = B8834C681D5DCBFA0039FFC2 /* ViewController.m */; settings = {COMPILER_FLAGS = "-fno-objc-arc"; }; };
		B8834C6C1D5DCBFA0039FFC2 /* Main.storyboard in Resources */ = {isa = PBXBuildFile; fileRef = B8834C6A1D5DCBFA0039FFC2 /* Main.storyboard */; };
		B8834C6E1D5DCBFB0039FFC2 /* Assets.xcassets in Resources */ = {isa = PBXBuildFile; fileRef = B8834C6D1D5DCBFB0039FFC2 /* Assets.xcassets */; };
		B8834C711D5DCBFB0039FFC2 /* LaunchScreen.storyboard in Resources */ = {isa = PBXBuildFile; fileRef = B8834C6F1D5DCBFB0039FFC2 /* LaunchScreen.storyboard */; };
		B8834C7C1D5DCBFB0039FFC2 /* RuntimeTestTests.m in Sources */ = {isa = PBXBuildFile; fileRef = B8834C7B1D5DCBFB0039FFC2 /* RuntimeTestTests.m */; };
		B8834C871D5DCBFB0039FFC2 /* RuntimeTestUITests.m in Sources */ = {isa = PBXBuildFile; fileRef = B8834C861D5DCBFB0039FFC2 /* RuntimeTestUITests.m */; };
		B8834C961D5DCC310039FFC2 /* CustomClass.m in Sources */ = {isa = PBXBuildFile; fileRef = B8834C951D5DCC310039FFC2 /* CustomClass.m */; settings = {COMPILER_FLAGS = "-fno-objc-arc"; }; };
		B8A0EE671D61607D00B7FE7F /* PersonClass.m in Sources */ = {isa = PBXBuildFile; fileRef = B8A0EE661D61607D00B7FE7F /* PersonClass.m */; };
/* End PBXBuildFile section */

/* Begin PBXContainerItemProxy section */
		B8834C781D5DCBFB0039FFC2 /* PBXContainerItemProxy */ = {
			isa = PBXContainerItemProxy;
			containerPortal = B8834C561D5DCBFA0039FFC2 /* Project object */;
			proxyType = 1;
			remoteGlobalIDString = B8834C5D1D5DCBFA0039FFC2;
			remoteInfo = RuntimeTest;
		};
		B8834C831D5DCBFB0039FFC2 /* PBXContainerItemProxy */ = {
			isa = PBXContainerItemProxy;
			containerPortal = B8834C561D5DCBFA0039FFC2 /* Project object */;
			proxyType = 1;
			remoteGlobalIDString = B8834C5D1D5DCBFA0039FFC2;
			remoteInfo = RuntimeTest;
		};
/* End PBXContainerItemProxy section */

/* Begin PBXFileReference section */
		B8834C5E1D5DCBFA0039FFC2 /* RuntimeTest.app */ = {isa = PBXFileReference; explicitFileType = wrapper.application; includeInIndex = 0; path = RuntimeTest.app; sourceTree = BUILT_PRODUCTS_DIR; };
		B8834C621D5DCBFA0039FFC2 /* main.m */ = {isa = PBXFileReference; lastKnownFileType = sourcecode.c.objc; path = main.m; sourceTree = "<group>"; };
		B8834C641D5DCBFA0039FFC2 /* AppDelegate.h */ = {isa = PBXFileReference; lastKnownFileType = sourcecode.c.h; path = AppDelegate.h; sourceTree = "<group>"; };
		B8834C651D5DCBFA0039FFC2 /* AppDelegate.m */ = {isa = PBXFileReference; lastKnownFileType = sourcecode.c.objc; path = AppDelegate.m; sourceTree = "<group>"; };
		B8834C671D5DCBFA0039FFC2 /* ViewController.h */ = {isa = PBXFileReference; lastKnownFileType = sourcecode.c.h; path = ViewController.h; sourceTree = "<group>"; };
		B8834C681D5DCBFA0039FFC2 /* ViewController.m */ = {isa = PBXFileReference; lastKnownFileType = sourcecode.c.objc; path = ViewController.m; sourceTree = "<group>"; };
		B8834C6B1D5DCBFA0039FFC2 /* Base */ = {isa = PBXFileReference; lastKnownFileType = file.storyboard; name = Base; path = Base.lproj/Main.storyboard; sourceTree = "<group>"; };
		B8834C6D1D5DCBFB0039FFC2 /* Assets.xcassets */ = {isa = PBXFileReference; lastKnownFileType = folder.assetcatalog; path = Assets.xcassets; sourceTree = "<group>"; };
		B8834C701D5DCBFB0039FFC2 /* Base */ = {isa = PBXFileReference; lastKnownFileType = file.storyboard; name = Base; path = Base.lproj/LaunchScreen.storyboard; sourceTree = "<group>"; };
		B8834C721D5DCBFB0039FFC2 /* Info.plist */ = {isa = PBXFileReference; lastKnownFileType = text.plist.xml; path = Info.plist; sourceTree = "<group>"; };
		B8834C771D5DCBFB0039FFC2 /* RuntimeTestTests.xctest */ = {isa = PBXFileReference; explicitFileType = wrapper.cfbundle; includeInIndex = 0; path = RuntimeTestTests.xctest; sourceTree = BUILT_PRODUCTS_DIR; };
		B8834C7B1D5DCBFB0039FFC2 /* RuntimeTestTests.m */ = {isa = PBXFileReference; lastKnownFileType = sourcecode.c.objc; path = RuntimeTestTests.m; sourceTree = "<group>"; };
		B8834C7D1D5DCBFB0039FFC2 /* Info.plist */ = {isa = PBXFileReference; lastKnownFileType = text.plist.xml; path = Info.plist; sourceTree = "<group>"; };
		B8834C821D5DCBFB0039FFC2 /* RuntimeTestUITests.xctest */ = {isa = PBXFileReference; explicitFileType = wrapper.cfbundle; includeInIndex = 0; path = RuntimeTestUITests.xctest; sourceTree = BUILT_PRODUCTS_DIR; };
		B8834C861D5DCBFB0039FFC2 /* RuntimeTestUITests.m */ = {isa = PBXFileReference; lastKnownFileType = sourcecode.c.objc; path = RuntimeTestUITests.m; sourceTree = "<group>"; };
		B8834C881D5DCBFB0039FFC2 /* Info.plist */ = {isa = PBXFileReference; lastKnownFileType = text.plist.xml; path = Info.plist; sourceTree = "<group>"; };
		B8834C941D5DCC300039FFC2 /* CustomClass.h */ = {isa = PBXFileReference; fileEncoding = 4; lastKnownFileType = sourcecode.c.h; path = CustomClass.h; sourceTree = "<group>"; };
		B8834C951D5DCC310039FFC2 /* CustomClass.m */ = {isa = PBXFileReference; fileEncoding = 4; lastKnownFileType = sourcecode.c.objc; path = CustomClass.m; sourceTree = "<group>"; };
		B8A0EE651D61607D00B7FE7F /* PersonClass.h */ = {isa = PBXFileReference; fileEncoding = 4; lastKnownFileType = sourcecode.c.h; path = PersonClass.h; sourceTree = "<group>"; };
		B8A0EE661D61607D00B7FE7F /* PersonClass.m */ = {isa = PBXFileReference; fileEncoding = 4; lastKnownFileType = sourcecode.c.objc; path = PersonClass.m; sourceTree = "<group>"; };
/* End PBXFileReference section */

/* Begin PBXFrameworksBuildPhase section */
		B8834C5B1D5DCBFA0039FFC2 /* Frameworks */ = {
			isa = PBXFrameworksBuildPhase;
			buildActionMask = 2147483647;
			files = (
			);
			runOnlyForDeploymentPostprocessing = 0;
		};
		B8834C741D5DCBFB0039FFC2 /* Frameworks */ = {
			isa = PBXFrameworksBuildPhase;
			buildActionMask = 2147483647;
			files = (
			);
			runOnlyForDeploymentPostprocessing = 0;
		};
		B8834C7F1D5DCBFB0039FFC2 /* Frameworks */ = {
			isa = PBXFrameworksBuildPhase;
			buildActionMask = 2147483647;
			files = (
			);
			runOnlyForDeploymentPostprocessing = 0;
		};
/* End PBXFrameworksBuildPhase section */

/* Begin PBXGroup section */
		B8834C551D5DCBFA0039FFC2 = {
			isa = PBXGroup;
			children = (
				B8834C601D5DCBFA0039FFC2 /* RuntimeTest */,
				B8834C7A1D5DCBFB0039FFC2 /* RuntimeTestTests */,
				B8834C851D5DCBFB0039FFC2 /* RuntimeTestUITests */,
				B8834C5F1D5DCBFA0039FFC2 /* Products */,
			);
			sourceTree = "<group>";
		};
		B8834C5F1D5DCBFA0039FFC2 /* Products */ = {
			isa = PBXGroup;
			children = (
				B8834C5E1D5DCBFA0039FFC2 /* RuntimeTest.app */,
				B8834C771D5DCBFB0039FFC2 /* RuntimeTestTests.xctest */,
				B8834C821D5DCBFB0039FFC2 /* RuntimeTestUITests.xctest */,
			);
			name = Products;
			sourceTree = "<group>";
		};
		B8834C601D5DCBFA0039FFC2 /* RuntimeTest */ = {
			isa = PBXGroup;
			children = (
				B8834C641D5DCBFA0039FFC2 /* AppDelegate.h */,
				B8834C651D5DCBFA0039FFC2 /* AppDelegate.m */,
				B8834C671D5DCBFA0039FFC2 /* ViewController.h */,
				B8834C681D5DCBFA0039FFC2 /* ViewController.m */,
				B8834C941D5DCC300039FFC2 /* CustomClass.h */,
				B8834C951D5DCC310039FFC2 /* CustomClass.m */,
				B8A0EE651D61607D00B7FE7F /* PersonClass.h */,
				B8A0EE661D61607D00B7FE7F /* PersonClass.m */,
				B8834C6A1D5DCBFA0039FFC2 /* Main.storyboard */,
				B8834C6D1D5DCBFB0039FFC2 /* Assets.xcassets */,
				B8834C6F1D5DCBFB0039FFC2 /* LaunchScreen.storyboard */,
				B8834C721D5DCBFB0039FFC2 /* Info.plist */,
				B8834C611D5DCBFA0039FFC2 /* Supporting Files */,
			);
			path = RuntimeTest;
			sourceTree = "<group>";
		};
		B8834C611D5DCBFA0039FFC2 /* Supporting Files */ = {
			isa = PBXGroup;
			children = (
				B8834C621D5DCBFA0039FFC2 /* main.m */,
			);
			name = "Supporting Files";
			sourceTree = "<group>";
		};
		B8834C7A1D5DCBFB0039FFC2 /* RuntimeTestTests */ = {
			isa = PBXGroup;
			children = (
				B8834C7B1D5DCBFB0039FFC2 /* RuntimeTestTests.m */,
				B8834C7D1D5DCBFB0039FFC2 /* Info.plist */,
			);
			path = RuntimeTestTests;
			sourceTree = "<group>";
		};
		B8834C851D5DCBFB0039FFC2 /* RuntimeTestUITests */ = {
			isa = PBXGroup;
			children = (
				B8834C861D5DCBFB0039FFC2 /* RuntimeTestUITests.m */,
				B8834C881D5DCBFB0039FFC2 /* Info.plist */,
			);
			path = RuntimeTestUITests;
			sourceTree = "<group>";
		};
/* End PBXGroup section */

/* Begin PBXNativeTarget section */
		B8834C5D1D5DCBFA0039FFC2 /* RuntimeTest */ = {
			isa = PBXNativeTarget;
			buildConfigurationList = B8834C8B1D5DCBFB0039FFC2 /* Build configuration list for PBXNativeTarget "RuntimeTest" */;
			buildPhases = (
				B8834C5A1D5DCBFA0039FFC2 /* Sources */,
				B8834C5B1D5DCBFA0039FFC2 /* Frameworks */,
				B8834C5C1D5DCBFA0039FFC2 /* Resources */,
			);
			buildRules = (
			);
			dependencies = (
			);
			name = RuntimeTest;
			productName = RuntimeTest;
			productReference = B8834C5E1D5DCBFA0039FFC2 /* RuntimeTest.app */;
			productType = "com.apple.product-type.application";
		};
		B8834C761D5DCBFB0039FFC2 /* RuntimeTestTests */ = {
			isa = PBXNativeTarget;
			buildConfigurationList = B8834C8E1D5DCBFB0039FFC2 /* Build configuration list for PBXNativeTarget "RuntimeTestTests" */;
			buildPhases = (
				B8834C731D5DCBFB0039FFC2 /* Sources */,
				B8834C741D5DCBFB0039FFC2 /* Frameworks */,
				B8834C751D5DCBFB0039FFC2 /* Resources */,
			);
			buildRules = (
			);
			dependencies = (
				B8834C791D5DCBFB0039FFC2 /* PBXTargetDependency */,
			);
			name = RuntimeTestTests;
			productName = RuntimeTestTests;
			productReference = B8834C771D5DCBFB0039FFC2 /* RuntimeTestTests.xctest */;
			productType = "com.apple.product-type.bundle.unit-test";
		};
		B8834C811D5DCBFB0039FFC2 /* RuntimeTestUITests */ = {
			isa = PBXNativeTarget;
			buildConfigurationList = B8834C911D5DCBFB0039FFC2 /* Build configuration list for PBXNativeTarget "RuntimeTestUITests" */;
			buildPhases = (
				B8834C7E1D5DCBFB0039FFC2 /* Sources */,
				B8834C7F1D5DCBFB0039FFC2 /* Frameworks */,
				B8834C801D5DCBFB0039FFC2 /* Resources */,
			);
			buildRules = (
			);
			dependencies = (
				B8834C841D5DCBFB0039FFC2 /* PBXTargetDependency */,
			);
			name = RuntimeTestUITests;
			productName = RuntimeTestUITests;
			productReference = B8834C821D5DCBFB0039FFC2 /* RuntimeTestUITests.xctest */;
			productType = "com.apple.product-type.bundle.ui-testing";
		};
/* End PBXNativeTarget section */

/* Begin PBXProject section */
		B8834C561D5DCBFA0039FFC2 /* Project object */ = {
			isa = PBXProject;
			attributes = {
				LastUpgradeCheck = 0710;
				ORGANIZATIONNAME = YQ;
				TargetAttributes = {
					B8834C5D1D5DCBFA0039FFC2 = {
						CreatedOnToolsVersion = 7.1.1;
					};
					B8834C761D5DCBFB0039FFC2 = {
						CreatedOnToolsVersion = 7.1.1;
						TestTargetID = B8834C5D1D5DCBFA0039FFC2;
					};
					B8834C811D5DCBFB0039FFC2 = {
						CreatedOnToolsVersion = 7.1.1;
						TestTargetID = B8834C5D1D5DCBFA0039FFC2;
					};
				};
			};
			buildConfigurationList = B8834C591D5DCBFA0039FFC2 /* Build configuration list for PBXProject "RuntimeTest" */;
			compatibilityVersion = "Xcode 3.2";
			developmentRegion = English;
			hasScannedForEncodings = 0;
			knownRegions = (
				en,
				Base,
			);
			mainGroup = B8834C551D5DCBFA0039FFC2;
			productRefGroup = B8834C5F1D5DCBFA0039FFC2 /* Products */;
			projectDirPath = "";
			projectRoot = "";
			targets = (
				B8834C5D1D5DCBFA0039FFC2 /* RuntimeTest */,
				B8834C761D5DCBFB0039FFC2 /* RuntimeTestTests */,
				B8834C811D5DCBFB0039FFC2 /* RuntimeTestUITests */,
			);
		};
/* End PBXProject section */

/* Begin PBXResourcesBuildPhase section */
		B8834C5C1D5DCBFA0039FFC2 /* Resources */ = {
			isa = PBXResourcesBuildPhase;
			buildActionMask = 2147483647;
			files = (
				B8834C711D5DCBFB0039FFC2 /* LaunchScreen.storyboard in Resources */,
				B8834C6E1D5DCBFB0039FFC2 /* Assets.xcassets in Resources */,
				B8834C6C1D5DCBFA0039FFC2 /* Main.storyboard in Resources */,
			);
			runOnlyForDeploymentPostprocessing = 0;
		};
		B8834C751D5DCBFB0039FFC2 /* Resources */ = {
			isa = PBXResourcesBuildPhase;
			buildActionMask = 2147483647;
			files = (
			);
			runOnlyForDeploymentPostprocessing = 0;
		};
		B8834C801D5DCBFB0039FFC2 /* Resources */ = {
			isa = PBXResourcesBuildPhase;
			buildActionMask = 2147483647;
			files = (
			);
			runOnlyForDeploymentPostprocessing = 0;
		};
/* End PBXResourcesBuildPhase section */

/* Begin PBXSourcesBuildPhase section */
		B8834C5A1D5DCBFA0039FFC2 /* Sources */ = {
			isa = PBXSourcesBuildPhase;
			buildActionMask = 2147483647;
			files = (
				B8834C691D5DCBFA0039FFC2 /* ViewController.m in Sources */,
				B8A0EE671D61607D00B7FE7F /* PersonClass.m in Sources */,
				B8834C961D5DCC310039FFC2 /* CustomClass.m in Sources */,
				B8834C661D5DCBFA0039FFC2 /* AppDelegate.m in Sources */,
				B8834C631D5DCBFA0039FFC2 /* main.m in Sources */,
			);
			runOnlyForDeploymentPostprocessing = 0;
		};
		B8834C731D5DCBFB0039FFC2 /* Sources */ = {
			isa = PBXSourcesBuildPhase;
			buildActionMask = 2147483647;
			files = (
				B8834C7C1D5DCBFB0039FFC2 /* RuntimeTestTests.m in Sources */,
			);
			runOnlyForDeploymentPostprocessing = 0;
		};
		B8834C7E1D5DCBFB0039FFC2 /* Sources */ = {
			isa = PBXSourcesBuildPhase;
			buildActionMask = 2147483647;
			files = (
				B8834C871D5DCBFB0039FFC2 /* RuntimeTestUITests.m in Sources */,
			);
			runOnlyForDeploymentPostprocessing = 0;
		};
/* End PBXSourcesBuildPhase section */

/* Begin PBXTargetDependency section */
		B8834C791D5DCBFB0039FFC2 /* PBXTargetDependency */ = {
			isa = PBXTargetDependency;
			target = B8834C5D1D5DCBFA0039FFC2 /* RuntimeTest */;
			targetProxy = B8834C781D5DCBFB0039FFC2 /* PBXContainerItemProxy */;
		};
		B8834C841D5DCBFB0039FFC2 /* PBXTargetDependency */ = {
			isa = PBXTargetDependency;
			target = B8834C5D1D5DCBFA0039FFC2 /* RuntimeTest */;
			targetProxy = B8834C831D5DCBFB0039FFC2 /* PBXContainerItemProxy */;
		};
/* End PBXTargetDependency section */

/* Begin PBXVariantGroup section */
		B8834C6A1D5DCBFA0039FFC2 /* Main.storyboard */ = {
			isa = PBXVariantGroup;
			children = (
				B8834C6B1D5DCBFA0039FFC2 /* Base */,
			);
			name = Main.storyboard;
			sourceTree = "<group>";
		};
		B8834C6F1D5DCBFB0039FFC2 /* LaunchScreen.storyboard */ = {
			isa = PBXVariantGroup;
			children = (
				B8834C701D5DCBFB0039FFC2 /* Base */,
			);
			name = LaunchScreen.storyboard;
			sourceTree = "<group>";
		};
/* End PBXVariantGroup section */

/* Begin XCBuildConfiguration section */
		B8834C891D5DCBFB0039FFC2 /* Debug */ = {
			isa = XCBuildConfiguration;
			buildSettings = {
				ALWAYS_SEARCH_USER_PATHS = NO;
				CLANG_CXX_LANGUAGE_STANDARD = "gnu++0x";
				CLANG_CXX_LIBRARY = "libc++";
				CLANG_ENABLE_MODULES = YES;
				CLANG_ENABLE_OBJC_ARC = YES;
				CLANG_WARN_BOOL_CONVERSION = YES;
				CLANG_WARN_CONSTANT_CONVERSION = YES;
				CLANG_WARN_DIRECT_OBJC_ISA_USAGE = YES_ERROR;
				CLANG_WARN_EMPTY_BODY = YES;
				CLANG_WARN_ENUM_CONVERSION = YES;
				CLANG_WARN_INT_CONVERSION = YES;
				CLANG_WARN_OBJC_ROOT_CLASS = YES_ERROR;
				CLANG_WARN_UNREACHABLE_CODE = YES;
				CLANG_WARN__DUPLICATE_METHOD_MATCH = YES;
				"CODE_SIGN_IDENTITY[sdk=iphoneos*]" = "iPhone Developer";
				COPY_PHASE_STRIP = NO;
				DEBUG_INFORMATION_FORMAT = dwarf;
				ENABLE_STRICT_OBJC_MSGSEND = YES;
				ENABLE_TESTABILITY = YES;
				GCC_C_LANGUAGE_STANDARD = gnu99;
				GCC_DYNAMIC_NO_PIC = NO;
				GCC_NO_COMMON_BLOCKS = YES;
				GCC_OPTIMIZATION_LEVEL = 0;
				GCC_PREPROCESSOR_DEFINITIONS = (
					"DEBUG=1",
					"$(inherited)",
				);
				GCC_WARN_64_TO_32_BIT_CONVERSION = YES;
				GCC_WARN_ABOUT_RETURN_TYPE = YES_ERROR;
				GCC_WARN_UNDECLARED_SELECTOR = YES;
				GCC_WARN_UNINITIALIZED_AUTOS = YES_AGGRESSIVE;
				GCC_WARN_UNUSED_FUNCTION = YES;
				GCC_WARN_UNUSED_VARIABLE = YES;
				IPHONEOS_DEPLOYMENT_TARGET = 9.1;
				MTL_ENABLE_DEBUG_INFO = YES;
				ONLY_ACTIVE_ARCH = YES;
				SDKROOT = iphoneos;
			};
			name = Debug;
		};
		B8834C8A1D5DCBFB0039FFC2 /* Release */ = {
			isa = XCBuildConfiguration;
			buildSettings = {
				ALWAYS_SEARCH_USER_PATHS = NO;
				CLANG_CXX_LANGUAGE_STANDARD = "gnu++0x";
				CLANG_CXX_LIBRARY = "libc++";
				CLANG_ENABLE_MODULES = YES;
				CLANG_ENABLE_OBJC_ARC = YES;
				CLANG_WARN_BOOL_CONVERSION = YES;
				CLANG_WARN_CONSTANT_CONVERSION = YES;
				CLANG_WARN_DIRECT_OBJC_ISA_USAGE = YES_ERROR;
				CLANG_WARN_EMPTY_BODY = YES;
				CLANG_WARN_ENUM_CONVERSION = YES;
				CLANG_WARN_INT_CONVERSION = YES;
				CLANG_WARN_OBJC_ROOT_CLASS = YES_ERROR;
				CLANG_WARN_UNREACHABLE_CODE = YES;
				CLANG_WARN__DUPLICATE_METHOD_MATCH = YES;
				"CODE_SIGN_IDENTITY[sdk=iphoneos*]" = "iPhone Developer";
				COPY_PHASE_STRIP = NO;
				DEBUG_INFORMATION_FORMAT = "dwarf-with-dsym";
				ENABLE_NS_ASSERTIONS = NO;
				ENABLE_STRICT_OBJC_MSGSEND = YES;
				GCC_C_LANGUAGE_STANDARD = gnu99;
				GCC_NO_COMMON_BLOCKS = YES;
				GCC_WARN_64_TO_32_BIT_CONVERSION = YES;
				GCC_WARN_ABOUT_RETURN_TYPE = YES_ERROR;
				GCC_WARN_UNDECLARED_SELECTOR = YES;
				GCC_WARN_UNINITIALIZED_AUTOS = YES_AGGRESSIVE;
				GCC_WARN_UNUSED_FUNCTION = YES;
				GCC_WARN_UNUSED_VARIABLE = YES;
				IPHONEOS_DEPLOYMENT_TARGET = 9.1;
				MTL_ENABLE_DEBUG_INFO = NO;
				SDKROOT = iphoneos;
				VALIDATE_PRODUCT = YES;
			};
			name = Release;
		};
		B8834C8C1D5DCBFB0039FFC2 /* Debug */ = {
			isa = XCBuildConfiguration;
			buildSettings = {
				ASSETCATALOG_COMPILER_APPICON_NAME = AppIcon;
				INFOPLIST_FILE = RuntimeTest/Info.plist;
				LD_RUNPATH_SEARCH_PATHS = "$(inherited) @executable_path/Frameworks";
				PRODUCT_BUNDLE_IDENTIFIER = yqiang.RuntimeTest;
				PRODUCT_NAME = "$(TARGET_NAME)";
			};
			name = Debug;
		};
		B8834C8D1D5DCBFB0039FFC2 /* Release */ = {
			isa = XCBuildConfiguration;
			buildSettings = {
				ASSETCATALOG_COMPILER_APPICON_NAME = AppIcon;
				INFOPLIST_FILE = RuntimeTest/Info.plist;
				LD_RUNPATH_SEARCH_PATHS = "$(inherited) @executable_path/Frameworks";
				PRODUCT_BUNDLE_IDENTIFIER = yqiang.RuntimeTest;
				PRODUCT_NAME = "$(TARGET_NAME)";
			};
			name = Release;
		};
		B8834C8F1D5DCBFB0039FFC2 /* Debug */ = {
			isa = XCBuildConfiguration;
			buildSettings = {
				BUNDLE_LOADER = "$(TEST_HOST)";
				INFOPLIST_FILE = RuntimeTestTests/Info.plist;
				LD_RUNPATH_SEARCH_PATHS = "$(inherited) @executable_path/Frameworks @loader_path/Frameworks";
				PRODUCT_BUNDLE_IDENTIFIER = yqiang.RuntimeTestTests;
				PRODUCT_NAME = "$(TARGET_NAME)";
				TEST_HOST = "$(BUILT_PRODUCTS_DIR)/RuntimeTest.app/RuntimeTest";
			};
			name = Debug;
		};
		B8834C901D5DCBFB0039FFC2 /* Release */ = {
			isa = XCBuildConfiguration;
			buildSettings = {
				BUNDLE_LOADER = "$(TEST_HOST)";
				INFOPLIST_FILE = RuntimeTestTests/Info.plist;
				LD_RUNPATH_SEARCH_PATHS = "$(inherited) @executable_path/Frameworks @loader_path/Frameworks";
				PRODUCT_BUNDLE_IDENTIFIER = yqiang.RuntimeTestTests;
				PRODUCT_NAME = "$(TARGET_NAME)";
				TEST_HOST = "$(BUILT_PRODUCTS_DIR)/RuntimeTest.app/RuntimeTest";
			};
			name = Release;
		};
		B8834C921D5DCBFB0039FFC2 /* Debug */ = {
			isa = XCBuildConfiguration;
			buildSettings = {
				INFOPLIST_FILE = RuntimeTestUITests/Info.plist;
				LD_RUNPATH_SEARCH_PATHS = "$(inherited) @executable_path/Frameworks @loader_path/Frameworks";
				PRODUCT_BUNDLE_IDENTIFIER = yqiang.RuntimeTestUITests;
				PRODUCT_NAME = "$(TARGET_NAME)";
				TEST_TARGET_NAME = RuntimeTest;
				USES_XCTRUNNER = YES;
			};
			name = Debug;
		};
		B8834C931D5DCBFB0039FFC2 /* Release */ = {
			isa = XCBuildConfiguration;
			buildSettings = {
				INFOPLIST_FILE = RuntimeTestUITests/Info.plist;
				LD_RUNPATH_SEARCH_PATHS = "$(inherited) @executable_path/Frameworks @loader_path/Frameworks";
				PRODUCT_BUNDLE_IDENTIFIER = yqiang.RuntimeTestUITests;
				PRODUCT_NAME = "$(TARGET_NAME)";
				TEST_TARGET_NAME = RuntimeTest;
				USES_XCTRUNNER = YES;
			};
			name = Release;
		};
/* End XCBuildConfiguration section */

/* Begin XCConfigurationList section */
		B8834C591D5DCBFA0039FFC2 /* Build configuration list for PBXProject "RuntimeTest" */ = {
			isa = XCConfigurationList;
			buildConfigurations = (
				B8834C891D5DCBFB0039FFC2 /* Debug */,
				B8834C8A1D5DCBFB0039FFC2 /* Release */,
			);
			defaultConfigurationIsVisible = 0;
			defaultConfigurationName = Release;
		};
		B8834C8B1D5DCBFB0039FFC2 /* Build configuration list for PBXNativeTarget "RuntimeTest" */ = {
			isa = XCConfigurationList;
			buildConfigurations = (
				B8834C8C1D5DCBFB0039FFC2 /* Debug */,
				B8834C8D1D5DCBFB0039FFC2 /* Release */,
			);
			defaultConfigurationIsVisible = 0;
			defaultConfigurationName = Release;
		};
		B8834C8E1D5DCBFB0039FFC2 /* Build configuration list for PBXNativeTarget "RuntimeTestTests" */ = {
			isa = XCConfigurationList;
			buildConfigurations = (
				B8834C8F1D5DCBFB0039FFC2 /* Debug */,
				B8834C901D5DCBFB0039FFC2 /* Release */,
			);
			defaultConfigurationIsVisible = 0;
			defaultConfigurationName = Release;
		};
		B8834C911D5DCBFB0039FFC2 /* Build configuration list for PBXNativeTarget "RuntimeTestUITests" */ = {
			isa = XCConfigurationList;
			buildConfigurations = (
				B8834C921D5DCBFB0039FFC2 /* Debug */,
				B8834C931D5DCBFB0039FFC2 /* Release */,
			);
			defaultConfigurationIsVisible = 0;
			defaultConfigurationName = Release;
		};
/* End XCConfigurationList section */
	};
	rootObject = B8834C561D5DCBFA0039FFC2 /* Project object */;
}
